{
    "_meta": {
        "hash": {
            "sha256": "477d899da51e26fedd18ee7790b7a60a4f2ddb63bb46c6c6da8944f9118231b3"
        },
        "pipfile-spec": 6,
        "requires": {
            "python_version": "3.12"
        },
        "sources": [
            {
                "name": "pypi",
                "url": "https://pypi.org/simple",
                "verify_ssl": false
            }
        ]
    },
    "default": {
        "duckdb": {
            "hashes": [
                "sha256:097aa9b6d5c9f5d3ed8c35b16020a67731d04befc35f6b89ccb5db9d5f1489c4",
                "sha256:0ac172788e3d8e410e009e3699016a4d7f17b4c7cde20f98856fca1fea79d247",
                "sha256:0d14d00560832592cbac2817847b649bd1d573f125d064518afb6eec5b02e15a",
                "sha256:0d5b6daa9bb54a635e371798994caa08f26d2f145ebcbc989e16b0a0104e84fb",
                "sha256:11c0bf253c96079c6139e8a0880300d80f4dc9f21a8c5c239d2ebc060b227d46",
                "sha256:13d81752763f14203a53981f32bd09731900eb6fda4048fbc532eae5e7bf30e5",
                "sha256:1ace20383fb0ba06229e060a6bb0bcfd48a4582a02e43f05991720504508eb59",
                "sha256:1f786b4402b9c31461ea0520d919e2166df4f9e6e21fd3c7bb0035fa985b5dfe",
                "sha256:21858225b8a5c5dead128f62e4e88facdcbfdce098e18cbcd86a6cd8f48fb2b3",
                "sha256:28857b0d595c229827cc3631ae9b74ff52d11614435aa715e09d8629d2e1b609",
                "sha256:2e6e01e2499e07873b09316bf4d6808f712c57034fa24c255565c4f92386e8e3",
                "sha256:30aa9dbbfc1f9607249fc148af9e6d6fd253fdc2f4c9924d4957d6a535558b4f",
                "sha256:32e52c6e939a4bada220803e6bde6fc0ce870da5662a33cabdd3be14824183a6",
                "sha256:33f99c2e9e4060464673912312b4ec91060d66638756592c9484c62824ff4e85",
                "sha256:343795d13ec3d8cd06c250225a05fd3c348c3ed49cccdde01addd46cb50f3559",
                "sha256:40dd55ea9c31abc69e5a8299f16c877e0b1950fd9a311c117efb4dd3c0dc8458",
                "sha256:48d84577216010ee407913bad9dc47af4cbc65e479c91e130f7bd909a32caefe",
                "sha256:525efad4e6caff80d0f6a51d466470839146e3880da36d4544fee7ff842e7e20",
                "sha256:52af2a078340b2e1b57958477ebc1be07786d3ad5796777e87d4f453e0477b4c",
                "sha256:5aad3e085c33253c689205b5ea3c5d9d54117c1249276c90d495cb85d9adce76",
                "sha256:5c3b3a18a58eebabb426beafc2f7da01d59805d660fc909e5e143b6db04d881a",
                "sha256:5c563b565ea68cfebe9c4078646503b3d38930218f9c3c278277d58952873771",
                "sha256:67d2996c3372a0f7d8f41f1c49e00ecdb26f83cdd9132b76730224ad68b1f1e3",
                "sha256:698a8d1d48b150d344d8aa6dbc30a22ea30fb14ff2b15c90004fc9fcb0b3a3e9",
                "sha256:6c68b1ef88b8cce185381ec69f437d20059c30623375bab41ac07a1104acdb57",
                "sha256:6d85645136fc25026978b5db81869e8a120cfb60e1645a29a0f6dd155be9e59e",
                "sha256:6e2e10582db74b99051e718279c1be204c98a63a5b6aa4e09226b7249e414146",
                "sha256:6e65f00294c3b8576ae651e91e732ea1cefc4aada89c307fb02f49231fd11e1f",
                "sha256:7791a0aa2cea972a612d31d4a289c81c5d00181328ed4f7642907f68f8b1fb9f",
                "sha256:7fb98dbbdbf8048b07223dc6e7401333bb4e83681dde4cded2d239051ea102b5",
                "sha256:88cdc0c2501dd7a65b1df2a76d7624b93d9b6d27febd2ee80b7e5643a0b40bcb",
                "sha256:8bf46d55685906729998eca70ee751934e0425d86863148e658277526c54282e",
                "sha256:910be5005de7427c5231a7200027e0adb951e048c612b895340effcd3e660d5a",
                "sha256:af8382280f24273a535e08b80e9383ad739c66e22855ce68716dfbaeaf8910b9",
                "sha256:b025afa30fcdcede094386e7c519e6964d26de5ad95f4e04a2a0a713676d4465",
                "sha256:b3c52b08c773e52484542300339ebf295e3c9b12d5d7d49b2567e252c16205a7",
                "sha256:b450aa2b3e0eb1fc0f7ad276bd1e4a5a03b1a4def6c45366af17557de2cafbdf",
                "sha256:b5a14a80ad09d65c270d16761b04ea6b074811cdfde6b5e4db1a8b0184125d1b",
                "sha256:bce024b69bae426b0739c470803f7b44261bdc0c0700ea7c41dff5f2d70ca4f3",
                "sha256:d6a88358d86a8ce689fdd4136514aebedf958e910361156a0bb0e53dc3c55f7d",
                "sha256:d7c1b3538bb9c2b49f48b26f092444525b22186efa4e77ba070603ed4a348a66",
                "sha256:dcc60833bb1a1fb2c33b052cf793fef48f681c565d982acff6ac7a86369794da",
                "sha256:f566f615278844ea240c9a3497c0ef201331628f78e0f9f4d64f72f82210e750",
                "sha256:f754c20d3b963574da58b0d22029681b79c63f2e32060f10b687f41b7bba54d7",
                "sha256:f90738310a76bd1618acbc7345175582d36b6907cb0ed07841a3d800dea189d6",
                "sha256:fa08173f68e678793dfe6aab6490ac753204ca7935beb8dbde778dbe593552d8",
                "sha256:fdbe4173729043b2fd949be83135b035820bb2faf64648500563b16f3f6f02ee"
            ],
            "index": "pypi",
            "markers": "python_full_version >= '3.7.0'",
            "version": "==0.10.1"
        }
    },
    "develop": {}
}
